{
  "name": "agent-taxonomy",
  "version": "1.0.1",
  "lockfileVersion": 3,
  "requires": true,
  "packages": {
    "": {
      "name": "agent-taxonomy",
      "version": "1.0.1",
      "license": "MIT",
      "bin": {
        "agent-taxonomy": "bin/cli.js"
      },
      "engines": {
        "node": ">=18"
      },
      "funding": {
        "type": "github",
        "url": "https://github.com/sponsors/suryast"
      }
    }
  }
}
